
Microsoft Visual Studio Solution File, Format Version 12.00
# Visual Studio Version 17
VisualStudioVersion = 17.8.34309.116
MinimumVisualStudioVersion = 10.0.40219.1
Project("{FAE04EC0-301F-11D3-BF4B-00C04F79EFBC}") = "Image_Processing_Algorithm", "Image_Processing_Algorithm\Image_Processing_Algorithm.csproj", "{8E5CDFEB-2C61-45C9-84EA-4D9506CA0116}"
EndProject
Project("{9A19103F-16F7-4668-BE54-9A1E7A4F7556}") = "直线拟合_OpenCv", "Line_Fitting\直线拟合_OpenCv.csproj", "{06374D2A-B7B1-4250-98E9-117CB1E2C9DA}"
EndProject
Project("{9A19103F-16F7-4668-BE54-9A1E7A4F7556}") = "TemplateMatching", "TemplateMatching\TemplateMatching.csproj", "{C1F2859F-35C6-493F-B922-75462FEA3DE6}"
EndProject
Project("{FAE04EC0-301F-11D3-BF4B-00C04F79EFBC}") = "偏移检测", "偏移检测\偏移检测.csproj", "{B96BF687-2AAF-4817-9CC5-A4BA5D0A53B5}"
EndProject
Project("{FAE04EC0-301F-11D3-BF4B-00C04F79EFBC}") = "ExpansionAndCorrosion", "ExpansionAndCorrosion\ExpansionAndCorrosion.csproj", "{494744F3-13AB-4A1F-A455-3B43497B0325}"
EndProject
Global
	GlobalSection(SolutionConfigurationPlatforms) = preSolution
		Debug|Any CPU = Debug|Any CPU
		Release|Any CPU = Release|Any CPU
	EndGlobalSection
	GlobalSection(ProjectConfigurationPlatforms) = postSolution
		{8E5CDFEB-2C61-45C9-84EA-4D9506CA0116}.Debug|Any CPU.ActiveCfg = Debug|Any CPU
		{8E5CDFEB-2C61-45C9-84EA-4D9506CA0116}.Debug|Any CPU.Build.0 = Debug|Any CPU
		{8E5CDFEB-2C61-45C9-84EA-4D9506CA0116}.Release|Any CPU.ActiveCfg = Release|Any CPU
		{8E5CDFEB-2C61-45C9-84EA-4D9506CA0116}.Release|Any CPU.Build.0 = Release|Any CPU
		{06374D2A-B7B1-4250-98E9-117CB1E2C9DA}.Debug|Any CPU.ActiveCfg = Debug|Any CPU
		{06374D2A-B7B1-4250-98E9-117CB1E2C9DA}.Debug|Any CPU.Build.0 = Debug|Any CPU
		{06374D2A-B7B1-4250-98E9-117CB1E2C9DA}.Release|Any CPU.ActiveCfg = Release|Any CPU
		{06374D2A-B7B1-4250-98E9-117CB1E2C9DA}.Release|Any CPU.Build.0 = Release|Any CPU
		{C1F2859F-35C6-493F-B922-75462FEA3DE6}.Debug|Any CPU.ActiveCfg = Debug|Any CPU
		{C1F2859F-35C6-493F-B922-75462FEA3DE6}.Debug|Any CPU.Build.0 = Debug|Any CPU
		{C1F2859F-35C6-493F-B922-75462FEA3DE6}.Release|Any CPU.ActiveCfg = Release|Any CPU
		{C1F2859F-35C6-493F-B922-75462FEA3DE6}.Release|Any CPU.Build.0 = Release|Any CPU
		{B96BF687-2AAF-4817-9CC5-A4BA5D0A53B5}.Debug|Any CPU.ActiveCfg = Debug|Any CPU
		{B96BF687-2AAF-4817-9CC5-A4BA5D0A53B5}.Debug|Any CPU.Build.0 = Debug|Any CPU
		{B96BF687-2AAF-4817-9CC5-A4BA5D0A53B5}.Release|Any CPU.ActiveCfg = Release|Any CPU
		{B96BF687-2AAF-4817-9CC5-A4BA5D0A53B5}.Release|Any CPU.Build.0 = Release|Any CPU
		{494744F3-13AB-4A1F-A455-3B43497B0325}.Debug|Any CPU.ActiveCfg = Debug|Any CPU
		{494744F3-13AB-4A1F-A455-3B43497B0325}.Debug|Any CPU.Build.0 = Debug|Any CPU
		{494744F3-13AB-4A1F-A455-3B43497B0325}.Release|Any CPU.ActiveCfg = Release|Any CPU
		{494744F3-13AB-4A1F-A455-3B43497B0325}.Release|Any CPU.Build.0 = Release|Any CPU
	EndGlobalSection
	GlobalSection(SolutionProperties) = preSolution
		HideSolutionNode = FALSE
	EndGlobalSection
	GlobalSection(ExtensibilityGlobals) = postSolution
		SolutionGuid = {80B2662F-09D5-44DE-911A-5B02E166D08C}
	EndGlobalSection
EndGlobal
